
Microsoft Visual Studio Solution File, Format Version 12.00
# Visual Studio Version 16
VisualStudioVersion = 16.0.29230.47
MinimumVisualStudioVersion = 10.0.40219.1
Project("{FAE04EC0-301F-11D3-BF4B-00C04F79EFBC}") = "OdeToFood", "OdeToFood\OdeToFood.csproj", "{7F41DBD1-995A-4023-B28D-DD0F6A5830C3}"
EndProject
Global
	GlobalSection(SolutionConfigurationPlatforms) = preSolution
		Debug|Any CPU = Debug|Any CPU
		Release|Any CPU = Release|Any CPU
	EndGlobalSection
	GlobalSection(ProjectConfigurationPlatforms) = postSolution
		{7F41DBD1-995A-4023-B28D-DD0F6A5830C3}.Debug|Any CPU.ActiveCfg = Debug|Any CPU
		{7F41DBD1-995A-4023-B28D-DD0F6A5830C3}.Debug|Any CPU.Build.0 = Debug|Any CPU
		{7F41DBD1-995A-4023-B28D-DD0F6A5830C3}.Release|Any CPU.ActiveCfg = Release|Any CPU
		{7F41DBD1-995A-4023-B28D-DD0F6A5830C3}.Release|Any CPU.Build.0 = Release|Any CPU
	EndGlobalSection
	GlobalSection(SolutionProperties) = preSolution
		HideSolutionNode = FALSE
	EndGlobalSection
	GlobalSection(ExtensibilityGlobals) = postSolution
		SolutionGuid = {35276767-88CA-46F7-8F29-01AB1BF9E284}
	EndGlobalSection
EndGlobal
